
Microsoft Visual Studio Solution File, Format Version 12.00
# Visual Studio Version 16
VisualStudioVersion = 16.0.30717.126
MinimumVisualStudioVersion = 10.0.40219.1
Project("{FAE04EC0-301F-11D3-BF4B-00C04F79EFBC}") = "Chatbot.Data", "Chatbot.Data\Chatbot.Data.csproj", "{9875D4CC-56B2-467D-939B-60810D152AB2}"
EndProject
Project("{FAE04EC0-301F-11D3-BF4B-00C04F79EFBC}") = "Chatbot.Model", "Chatbot.Model\Chatbot.Model.csproj", "{695CBE25-A3C3-4C7E-AFBF-9DC75D7767B3}"
EndProject
Project("{FAE04EC0-301F-11D3-BF4B-00C04F79EFBC}") = "Chatbot.WebApi", "Chatbot.WebApi\Chatbot.WebApi.csproj", "{6A8C0CAF-2AA3-49B6-BF68-2C819E9EF599}"
EndProject
Global
	GlobalSection(SolutionConfigurationPlatforms) = preSolution
		Debug|Any CPU = Debug|Any CPU
		Release|Any CPU = Release|Any CPU
	EndGlobalSection
	GlobalSection(ProjectConfigurationPlatforms) = postSolution
		{9875D4CC-56B2-467D-939B-60810D152AB2}.Debug|Any CPU.ActiveCfg = Debug|Any CPU
		{9875D4CC-56B2-467D-939B-60810D152AB2}.Debug|Any CPU.Build.0 = Debug|Any CPU
		{9875D4CC-56B2-467D-939B-60810D152AB2}.Release|Any CPU.ActiveCfg = Release|Any CPU
		{9875D4CC-56B2-467D-939B-60810D152AB2}.Release|Any CPU.Build.0 = Release|Any CPU
		{695CBE25-A3C3-4C7E-AFBF-9DC75D7767B3}.Debug|Any CPU.ActiveCfg = Debug|Any CPU
		{695CBE25-A3C3-4C7E-AFBF-9DC75D7767B3}.Debug|Any CPU.Build.0 = Debug|Any CPU
		{695CBE25-A3C3-4C7E-AFBF-9DC75D7767B3}.Release|Any CPU.ActiveCfg = Release|Any CPU
		{695CBE25-A3C3-4C7E-AFBF-9DC75D7767B3}.Release|Any CPU.Build.0 = Release|Any CPU
		{6A8C0CAF-2AA3-49B6-BF68-2C819E9EF599}.Debug|Any CPU.ActiveCfg = Debug|Any CPU
		{6A8C0CAF-2AA3-49B6-BF68-2C819E9EF599}.Debug|Any CPU.Build.0 = Debug|Any CPU
		{6A8C0CAF-2AA3-49B6-BF68-2C819E9EF599}.Release|Any CPU.ActiveCfg = Release|Any CPU
		{6A8C0CAF-2AA3-49B6-BF68-2C819E9EF599}.Release|Any CPU.Build.0 = Release|Any CPU
	EndGlobalSection
	GlobalSection(SolutionProperties) = preSolution
		HideSolutionNode = FALSE
	EndGlobalSection
	GlobalSection(ExtensibilityGlobals) = postSolution
		SolutionGuid = {B3297B00-B0CA-4F76-8B3D-5D84118CA1C2}
	EndGlobalSection
EndGlobal
